
Microsoft Visual Studio Solution File, Format Version 12.00
# Visual Studio Version 17
VisualStudioVersion = 17.0.32112.339
MinimumVisualStudioVersion = 10.0.40219.1
Project("{FAE04EC0-301F-11D3-BF4B-00C04F79EFBC}") = "PasswordValidator", "PasswordValidator\PasswordValidator.csproj", "{4D0DD4D4-A64A-43D3-A3EB-B3EBEB29936B}"
EndProject
Global
	GlobalSection(SolutionConfigurationPlatforms) = preSolution
		Debug|Any CPU = Debug|Any CPU
		Release|Any CPU = Release|Any CPU
	EndGlobalSection
	GlobalSection(ProjectConfigurationPlatforms) = postSolution
		{4D0DD4D4-A64A-43D3-A3EB-B3EBEB29936B}.Debug|Any CPU.ActiveCfg = Debug|Any CPU
		{4D0DD4D4-A64A-43D3-A3EB-B3EBEB29936B}.Debug|Any CPU.Build.0 = Debug|Any CPU
		{4D0DD4D4-A64A-43D3-A3EB-B3EBEB29936B}.Release|Any CPU.ActiveCfg = Release|Any CPU
		{4D0DD4D4-A64A-43D3-A3EB-B3EBEB29936B}.Release|Any CPU.Build.0 = Release|Any CPU
	EndGlobalSection
	GlobalSection(SolutionProperties) = preSolution
		HideSolutionNode = FALSE
	EndGlobalSection
	GlobalSection(ExtensibilityGlobals) = postSolution
		SolutionGuid = {83920A2E-FCC4-499A-A368-1F4CB5A3ECE0}
	EndGlobalSection
EndGlobal
